
Microsoft Visual Studio Solution File, Format Version 11.00
# Visual Studio 2010
# SharpDevelop 5.1
Project("{FAE04EC0-301F-11D3-BF4B-00C04F79EFBC}") = "Aula 04 - Utilizando o KeyDown", "Aula 04 - Utilizando o KeyDown\Aula 04 - Utilizando o KeyDown.csproj", "{158F8847-1197-4944-AFC3-E33BCB7BE222}"
EndProject
Global
	GlobalSection(SolutionConfigurationPlatforms) = preSolution
		Debug|Any CPU = Debug|Any CPU
		Release|Any CPU = Release|Any CPU
	EndGlobalSection
	GlobalSection(ProjectConfigurationPlatforms) = postSolution
		{158F8847-1197-4944-AFC3-E33BCB7BE222}.Debug|Any CPU.ActiveCfg = Debug|Any CPU
		{158F8847-1197-4944-AFC3-E33BCB7BE222}.Debug|Any CPU.Build.0 = Debug|Any CPU
		{158F8847-1197-4944-AFC3-E33BCB7BE222}.Release|Any CPU.ActiveCfg = Release|Any CPU
		{158F8847-1197-4944-AFC3-E33BCB7BE222}.Release|Any CPU.Build.0 = Release|Any CPU
	EndGlobalSection
EndGlobal
